{
  "requires": true,
  "lockfileVersion": 1,
  "dependencies": {
    "@types/animejs": {
      "version": "3.1.0",
      "resolved": "https://registry.npmjs.org/@types/animejs/-/animejs-3.1.0.tgz",
      "integrity": "sha512-OOOQ11ylW8GeFY85yM3HrprR5wZl1R1KsxrxNLMpE9l24zs+4yXAu4WsDESWcCAf5+PxvPNsLV9W/PB3J+XGMQ==",
      "dev": true
    },
    "animejs": {
      "version": "3.1.0",
      "resolved": "https://registry.npmjs.org/animejs/-/animejs-3.1.0.tgz",
      "integrity": "sha512-BjnCroPPQPEAngT0M89pz9TBcOGgOFLnVoq3+jV2upl4rn60k57/AXvESTnuILsNgOEjGuhMEOMp7IlQzk40kA=="
    }
  }
}
